lockfileVersion: '9.0'

settings:
  autoInstallPeers: true
  excludeLinksFromLockfile: false

importers:

  .:
    dependencies:
      ai:
        specifier: ^7.0.107
        version: 7.0.107(zod@4.6.5)
      zod:
        specifier: ^4.1.12
        version: 4.6.5
    devDependencies:
      '@types/node':
        specifier: ^24.6.1
        version: 24.13.6
      bun-types:
        specifier: ^1.4.2
        version: 1.4.2
      typescript:
        specifier: ^5.9.3
        version: 5.9.3

  apps/server:
    dependencies:
      '@helm/shared':
        specifier: workspace:*
        version: link:../../packages/shared
      ai:
        specifier: ^7.0.107
        version: 7.0.107(zod@4.6.5)
      playwright:
        specifier: ^1.55.0
        version: 1.63.0
      sqlite-vec:
        specifier: ^0.1.8
        version: 0.1.9
      zod:
        specifier: ^4.1.12
        version: 4.6.5

  packages/shared:
    dependencies:
      zod:
        specifier: ^4.1.12
        version: 4.6.5

packages:

  '@ai-sdk/gateway@4.0.87':
    resolution: {integrity: sha512-6wJmX/D5OO7tvDJbtFdXdBuRt8AkCnW+FLK+W35UHe/tHgolAa4hclXtJcMSYnlTDy/t5DNRgdesVaoMXtwzow==}
    engines: {node: '>=22'}
    peerDependencies:
      zod: ^3.25.76 || ^4.1.8

  '@ai-sdk/provider-utils@5.0.45':
    resolution: {integrity: sha512-gLuaCups8OCIRz3eO6WWz5op7VLYNNtFzyH0sWUr0FE9v7cTxR0qxDpQdrKnGcql+9WWttobjnZsJVsuEbsPQQ==}
    engines: {node: '>=22'}
    peerDependencies:
      zod: ^3.25.76 || ^4.1.8

  '@ai-sdk/provider@4.0.17':
    resolution: {integrity: sha512-VYMBxIQdcHqbIf1j+YZlI9Ati6LZ4wJe0GGd4z4a5H/KxTggjeOiyaVYTnfF7LHZK5jMQ+rofmzz4QPqf++NUw==}
    engines: {node: '>=22'}

  '@standard-schema/spec@1.1.0':
    resolution: {integrity: sha512-l2aFy5jALhniG5HgqrD6jXLi/rUWrKvqN/qJx6yoJsgKhblVd+iqqU4RCXavm/jPityDo5TCvKMnpjKnOriy0w==}

  '@types/node@24.13.6':
    resolution: {integrity: sha512-SGrw/h3KPFshy3OE6ZL53LMBG5vGQQ8/gIpiqz/kRZhPJ7HgwCEs8LBuNtWLa8dvGZVpSF7+Bf+c11HUrCb/yg==}

  '@vercel/oidc@3.2.0':
    resolution: {integrity: sha512-UycprH3T6n3jH0k44NHMa7pnFHGu/N05MjojYr+Mc6I7obkoLIJujSWwin1pCvdy/eOxrI/l3uDLQsmcrOb4ug==}
    engines: {node: '>= 20'}

  '@workflow/serde@4.1.0':
    resolution: {integrity: sha512-pav4F2BoirECWR7Nf1TKt+2eETcBj7jj4cBefQ8VXQCA6NPkaKeLfj/zMgi+3zYV5ZIBT4GuUiphsj0/b9hPQQ==}

  ai@7.0.107:
    resolution: {integrity: sha512-PVYQ3W9kR8oYiGQxbg4aFIlhQzKskZm8UV+4E0zB2uKOzFr8ju3bXQncOOZtLsOgJY8vdpgyu3cXtomsfcdQYg==}
    engines: {node: '>=22'}
    peerDependencies:
      zod: ^3.25.76 || ^4.1.8

  bun-types@1.4.2:
    resolution: {integrity: sha512-bxV1FgK7yBIzjRe5zBozIM4Bem11ZJcCXSrjWRG3YWLt8yFDePu4cLjpebO8OvPeIE9trbyPF4fuj3Cia4Fj3w==}

  eventsource-parser@3.1.1:
    resolution: {integrity: sha512-EKN1vKAMcZ8MlYMpaNuxN6R9yakzH6uajHcHVTqWJzvu5pWw9DyhbP35HH8MVBQ+dZjAfDxk+A8NiR9KWaXiyQ==}
    engines: {node: '>=18.0.0'}

  json-schema@0.4.0:
    resolution: {integrity: sha512-es94M3nTIfsEPisRafak+HDLfHXnKBhV3vU5eqPcS3flIWqcxJWgXHXiey3YrpaNsanY5ei1VoYEbOzijuq9BA==}

  playwright-core@1.63.0:
    resolution: {integrity: sha512-rYCsBF/M5HjUch52bbtVONEFjv6Xu8sm8h72dNlR5bzIE1fvC/bxgspzkjSfU+MweEMmPM8KJebG6nnyxo5mCg==}
    engines: {node: '>=20'}
    hasBin: true

  playwright@1.63.0:
    resolution: {integrity: sha512-+7ziBLidS4NaNCdt57SUDT+wYmmd5fmiQejUic/kb+YsYSCPyOOE9sebzMjNmQrsnNpDJqd4WHvV/8lfKfUDUg==}
    engines: {node: '>=20'}
    hasBin: true

  sqlite-vec-darwin-arm64@0.1.9:
    resolution: {integrity: sha512-jSsZpE42OfBkGL/ItyJTVCUwl6o6Ka3U5rc4j+UBDIQzC1ulSSKMEhQLthsOnF/MdAf1MuAkYhkdKmmcjaIZQg==}
    cpu: [arm64]
    os: [darwin]

  sqlite-vec-darwin-x64@0.1.9:
    resolution: {integrity: sha512-KDlVyqQT7pnOhU1ymB9gs7dMbSoVmKHitT+k1/xkjarcX8bBqPxWrGlK/R+C5WmWkfvWwyq5FfXfiBYCBs6PlA==}
    cpu: [x64]
    os: [darwin]

  sqlite-vec-linux-arm64@0.1.9:
    resolution: {integrity: sha512-5wXVJ9c9kR4CHm/wVqXb/R+XUHTdpZ4nWbPHlS+gc9qQFVHs92Km4bPnCKX4rtcPMzvNis+SIzMJR1SCEwpuUw==}
    cpu: [arm64]
    os: [linux]

  sqlite-vec-linux-x64@0.1.9:
    resolution: {integrity: sha512-w3tCH8xK2finW8fQJ/m8uqKodXUZ9KAuAar2UIhz4BHILfpE0WM/MTGCRfa7RjYbrYim5Luk3guvMOGI7T7JQA==}
    cpu: [x64]
    os: [linux]

  sqlite-vec-windows-x64@0.1.9:
    resolution: {integrity: sha512-y3gEIyy/17bq2QFPQOWLE68TYWcRZkBQVA2XLrTPHNTOp55xJi/BBBmOm40tVMDMjtP+Elpk6UBUXdaq+46b0Q==}
    cpu: [x64]
    os: [win32]

  sqlite-vec@0.1.9:
    resolution: {integrity: sha512-L7XJWRIBNvR9O5+vh1FQ+IGkh/3D2AzVksW5gdtk28m78Hy8skFD0pqReKH1Yp0/BUKRGcffgKvyO/EON5JXpA==}

  typescript@5.9.3:
    resolution: {integrity: sha512-jl1vZzPDinLr9eUt3J/t7V6FgNEw9QjvBPdysz9KfQDD41fQrC2Y4vKQdiaUpFT4bXlb1RHhLpp8wtm6M5TgSw==}
    engines: {node: '>=14.17'}
    hasBin: true

  undici-types@7.18.2:
    resolution: {integrity: sha512-AsuCzffGHJybSaRrmr5eHr81mwJU3kjw6M+uprWvCXiNeN9SOGwQ3Jn8jb8m3Z6izVgknn1R0FTCEAP2QrLY/w==}

  undici@7.29.1:
    resolution: {integrity: sha512-RYONW2MeafgYlkVOKYKkA/Ag7BmXqgIWCa8t1m0JcxrQg9pI9lEqRhAOruOBCbAohOa/gkCF+iPi9hrgvTzu6Q==}
    engines: {node: '>=20.18.1'}

  zod@4.6.5:
    resolution: {integrity: sha512-v5l/aFXZQeai4awLbOpSoHecE9UiMrnfx75tEXLjNonXVARxQ5mOeipTjROUchszUNCqnE+hqAMujRsRHsut2Q==}

snapshots:

  '@ai-sdk/gateway@4.0.87(zod@4.6.5)':
    dependencies:
      '@ai-sdk/provider': 4.0.17
      '@ai-sdk/provider-utils': 5.0.45(zod@4.6.5)
      '@vercel/oidc': 3.2.0
      zod: 4.6.5

  '@ai-sdk/provider-utils@5.0.45(zod@4.6.5)':
    dependencies:
      '@ai-sdk/provider': 4.0.17
      '@standard-schema/spec': 1.1.0
      '@workflow/serde': 4.1.0
      eventsource-parser: 3.1.1
      undici: 7.29.1
      zod: 4.6.5

  '@ai-sdk/provider@4.0.17':
    dependencies:
      json-schema: 0.4.0

  '@standard-schema/spec@1.1.0': {}

  '@types/node@24.13.6':
    dependencies:
      undici-types: 7.18.2

  '@vercel/oidc@3.2.0': {}

  '@workflow/serde@4.1.0': {}

  ai@7.0.107(zod@4.6.5):
    dependencies:
      '@ai-sdk/gateway': 4.0.87(zod@4.6.5)
      '@ai-sdk/provider': 4.0.17
      '@ai-sdk/provider-utils': 5.0.45(zod@4.6.5)
      zod: 4.6.5

  bun-types@1.4.2:
    dependencies:
      '@types/node': 24.13.6

  eventsource-parser@3.1.1: {}

  json-schema@0.4.0: {}

  playwright-core@1.63.0: {}

  playwright@1.63.0:
    dependencies:
      playwright-core: 1.63.0

  sqlite-vec-darwin-arm64@0.1.9:
    optional: true

  sqlite-vec-darwin-x64@0.1.9:
    optional: true

  sqlite-vec-linux-arm64@0.1.9:
    optional: true

  sqlite-vec-linux-x64@0.1.9:
    optional: true

  sqlite-vec-windows-x64@0.1.9:
    optional: true

  sqlite-vec@0.1.9:
    optionalDependencies:
      sqlite-vec-darwin-arm64: 0.1.9
      sqlite-vec-darwin-x64: 0.1.9
      sqlite-vec-linux-arm64: 0.1.9
      sqlite-vec-linux-x64: 0.1.9
      sqlite-vec-windows-x64: 0.1.9

  typescript@5.9.3: {}

  undici-types@7.18.2: {}

  undici@7.29.1: {}

  zod@4.6.5: {}
